
Microsoft Visual Studio Solution File, Format Version 12.00
# Visual Studio Version 16
VisualStudioVersion = 16.0.30128.74
MinimumVisualStudioVersion = 10.0.40219.1
Project("{FAE04EC0-301F-11D3-BF4B-00C04F79EFBC}") = "forgeDesignautomation", "forgeDesignautomation.csproj", "{10E9E2D9-2C7E-4AA1-8025-874105A03C37}"
EndProject
Global
	GlobalSection(SolutionConfigurationPlatforms) = preSolution
		Debug|Any CPU = Debug|Any CPU
		Release|Any CPU = Release|Any CPU
	EndGlobalSection
	GlobalSection(ProjectConfigurationPlatforms) = postSolution
		{10E9E2D9-2C7E-4AA1-8025-874105A03C37}.Debug|Any CPU.ActiveCfg = Debug|Any CPU
		{10E9E2D9-2C7E-4AA1-8025-874105A03C37}.Debug|Any CPU.Build.0 = Debug|Any CPU
		{10E9E2D9-2C7E-4AA1-8025-874105A03C37}.Release|Any CPU.ActiveCfg = Release|Any CPU
		{10E9E2D9-2C7E-4AA1-8025-874105A03C37}.Release|Any CPU.Build.0 = Release|Any CPU
	EndGlobalSection
	GlobalSection(SolutionProperties) = preSolution
		HideSolutionNode = FALSE
	EndGlobalSection
	GlobalSection(ExtensibilityGlobals) = postSolution
		SolutionGuid = {A5B6C527-143F-4FCA-9B5C-396A064C6BC9}
	EndGlobalSection
EndGlobal
