
Microsoft Visual Studio Solution File, Format Version 12.00
# Visual Studio Version 16
VisualStudioVersion = 16.0.30128.74
MinimumVisualStudioVersion = 10.0.40219.1
Project("{FAE04EC0-301F-11D3-BF4B-00C04F79EFBC}") = "forgeViewer", "forgeViewer.csproj", "{AC6E76DE-54F8-46CD-8F9F-9C4A8FB3AE94}"
EndProject
Global
	GlobalSection(SolutionConfigurationPlatforms) = preSolution
		Debug|Any CPU = Debug|Any CPU
		Release|Any CPU = Release|Any CPU
	EndGlobalSection
	GlobalSection(ProjectConfigurationPlatforms) = postSolution
		{AC6E76DE-54F8-46CD-8F9F-9C4A8FB3AE94}.Debug|Any CPU.ActiveCfg = Debug|Any CPU
		{AC6E76DE-54F8-46CD-8F9F-9C4A8FB3AE94}.Debug|Any CPU.Build.0 = Debug|Any CPU
		{AC6E76DE-54F8-46CD-8F9F-9C4A8FB3AE94}.Release|Any CPU.ActiveCfg = Release|Any CPU
		{AC6E76DE-54F8-46CD-8F9F-9C4A8FB3AE94}.Release|Any CPU.Build.0 = Release|Any CPU
	EndGlobalSection
	GlobalSection(SolutionProperties) = preSolution
		HideSolutionNode = FALSE
	EndGlobalSection
	GlobalSection(ExtensibilityGlobals) = postSolution
		SolutionGuid = {3052622B-DB58-4A53-96A0-F036B4896E50}
	EndGlobalSection
EndGlobal
